
Microsoft Visual Studio Solution File, Format Version 12.00
# Visual Studio Version 17
VisualStudioVersion = 17.0.31903.59
MinimumVisualStudioVersion = 10.0.40219.1
Project("{FAE04EC0-301F-11D3-BF4B-00C04F79EFBC}") = "ChatApp", "ChatApp\ChatApp.csproj", "{751EE7D7-16AF-417B-9C89-6F714F7C6F0E}"
EndProject
Project("{FAE04EC0-301F-11D3-BF4B-00C04F79EFBC}") = "ChatApp.Data", "ChatAppData\ChatApp.Data.csproj", "{CC80C431-6626-4E23-B433-5DC0B968DE49}"
EndProject
Project("{FAE04EC0-301F-11D3-BF4B-00C04F79EFBC}") = "ChatApp.Services", "ChatAppServices\ChatApp.Services.csproj", "{2E92DF43-AE0A-4E67-AFC5-E7DA530AEEA1}"
EndProject
Global
	GlobalSection(SolutionConfigurationPlatforms) = preSolution
		Debug|Any CPU = Debug|Any CPU
		Release|Any CPU = Release|Any CPU
	EndGlobalSection
	GlobalSection(ProjectConfigurationPlatforms) = postSolution
		{751EE7D7-16AF-417B-9C89-6F714F7C6F0E}.Debug|Any CPU.ActiveCfg = Debug|Any CPU
		{751EE7D7-16AF-417B-9C89-6F714F7C6F0E}.Debug|Any CPU.Build.0 = Debug|Any CPU
		{751EE7D7-16AF-417B-9C89-6F714F7C6F0E}.Release|Any CPU.ActiveCfg = Release|Any CPU
		{751EE7D7-16AF-417B-9C89-6F714F7C6F0E}.Release|Any CPU.Build.0 = Release|Any CPU
		{CC80C431-6626-4E23-B433-5DC0B968DE49}.Debug|Any CPU.ActiveCfg = Debug|Any CPU
		{CC80C431-6626-4E23-B433-5DC0B968DE49}.Debug|Any CPU.Build.0 = Debug|Any CPU
		{CC80C431-6626-4E23-B433-5DC0B968DE49}.Release|Any CPU.ActiveCfg = Release|Any CPU
		{CC80C431-6626-4E23-B433-5DC0B968DE49}.Release|Any CPU.Build.0 = Release|Any CPU
		{2E92DF43-AE0A-4E67-AFC5-E7DA530AEEA1}.Debug|Any CPU.ActiveCfg = Debug|Any CPU
		{2E92DF43-AE0A-4E67-AFC5-E7DA530AEEA1}.Debug|Any CPU.Build.0 = Debug|Any CPU
		{2E92DF43-AE0A-4E67-AFC5-E7DA530AEEA1}.Release|Any CPU.ActiveCfg = Release|Any CPU
		{2E92DF43-AE0A-4E67-AFC5-E7DA530AEEA1}.Release|Any CPU.Build.0 = Release|Any CPU
	EndGlobalSection
	GlobalSection(SolutionProperties) = preSolution
		HideSolutionNode = FALSE
	EndGlobalSection
EndGlobal
